<?xml version="1.0" encoding="utf-8"?>
<Project ToolsVersion="4.0" xmlns="http://schemas.microsoft.com/developer/msbuild/2003">
  <ItemGroup>
    <ClCompile Include="cAerodynamicsModel.cpp">
      <Filter>Source Files</Filter>
    </ClCompile>
    <ClCompile Include="cAtmosphereModel.cpp">
      <Filter>Source Files</Filter>
    </ClCompile>
    <ClCompile Include="cControlModel.cpp">
      <Filter>Source Files</Filter>
    </ClCompile>
    <ClCompile Include="cEngineModel.cpp">
      <Filter>Source Files</Filter>
    </ClCompile>
    <ClCompile Include="cForceModel.cpp">
      <Filter>Source Files</Filter>
    </ClCompile>
    <ClCompile Include="cPointMass.cpp">
      <Filter>Source Files</Filter>
    </ClCompile>
    <ClCompile Include="cQuaternion.cpp">
      <Filter>Source Files</Filter>
    </ClCompile>
    <ClCompile Include="cSharedMem.cpp">
      <Filter>Source Files</Filter>
    </ClCompile>
    <ClCompile Include="cIntegrator.cpp">
      <Filter>Source Files</Filter>
    </ClCompile>
    <ClCompile Include="main.cpp">
      <Filter>Source Files</Filter>
    </ClCompile>
  </ItemGroup>
  <ItemGroup>
    <ClInclude Include="atm_table.h">
      <Filter>Header Files</Filter>
    </ClInclude>
    <ClInclude Include="cAerodynamicsModel.h">
      <Filter>Header Files</Filter>
    </ClInclude>
    <ClInclude Include="cAtmosphereModel.h">
      <Filter>Header Files</Filter>
    </ClInclude>
    <ClInclude Include="cControlModel.h">
      <Filter>Header Files</Filter>
    </ClInclude>
    <ClInclude Include="cEngineModel.h">
      <Filter>Header Files</Filter>
    </ClInclude>
    <ClInclude Include="cForceModel.h">
      <Filter>Header Files</Filter>
    </ClInclude>
    <ClInclude Include="cIntegrator.h">
      <Filter>Header Files</Filter>
    </ClInclude>
    <ClInclude Include="common_classes.h">
      <Filter>Header Files</Filter>
    </ClInclude>
    <ClInclude Include="cQuaternion.h">
      <Filter>Header Files</Filter>
    </ClInclude>
    <ClInclude Include="cSharedMem.h">
      <Filter>Header Files</Filter>
    </ClInclude>
    <ClInclude Include="drag_table.h">
      <Filter>Header Files</Filter>
    </ClInclude>
    <ClInclude Include="main.h">
      <Filter>Header Files</Filter>
    </ClInclude>
    <ClInclude Include="sm_defines.h">
      <Filter>Header Files</Filter>
    </ClInclude>
  </ItemGroup>
  <ItemGroup>
    <Filter Include="Source Files">
      <UniqueIdentifier>{08d679c6-6524-4fad-ab64-e94ef63b8ebe}</UniqueIdentifier>
    </Filter>
    <Filter Include="Header Files">
      <UniqueIdentifier>{27af62ed-69fa-4697-b49e-3429fa838d77}</UniqueIdentifier>
    </Filter>
  </ItemGroup>
</Project>