<?xml version="1.0" encoding="utf-8"?>
<Project ToolsVersion="4.0" xmlns="http://schemas.microsoft.com/developer/msbuild/2003">
  <ItemGroup>
    <ClCompile Include="cD3D.cpp">
      <Filter>Source Files</Filter>
    </ClCompile>
    <ClCompile Include="cModelLoader.cpp">
      <Filter>Source Files</Filter>
    </ClCompile>
    <ClCompile Include="common_functions.cpp">
      <Filter>Source Files</Filter>
    </ClCompile>
    <ClCompile Include="cWindowManager.cpp">
      <Filter>Source Files</Filter>
    </ClCompile>
    <ClCompile Include="main.cpp">
      <Filter>Source Files</Filter>
    </ClCompile>
  </ItemGroup>
  <ItemGroup>
    <ClInclude Include="cD3D.h">
      <Filter>Header Files</Filter>
    </ClInclude>
    <ClInclude Include="cModelLoader.h">
      <Filter>Header Files</Filter>
    </ClInclude>
    <ClInclude Include="common_classes.h">
      <Filter>Header Files</Filter>
    </ClInclude>
    <ClInclude Include="cWindowManager.h">
      <Filter>Header Files</Filter>
    </ClInclude>
    <ClInclude Include="main.h">
      <Filter>Header Files</Filter>
    </ClInclude>
    <ClInclude Include="sm_defines.h">
      <Filter>Header Files</Filter>
    </ClInclude>
  </ItemGroup>
  <ItemGroup>
    <Filter Include="Source Files">
      <UniqueIdentifier>{a79559eb-3ed5-48db-b7d3-e40a2b575122}</UniqueIdentifier>
    </Filter>
    <Filter Include="Header Files">
      <UniqueIdentifier>{fbc548d8-f289-44c3-a0c3-a82c4a557c72}</UniqueIdentifier>
    </Filter>
  </ItemGroup>
</Project>